# THIS IS AN AUTOGENERATED FILE. DO NOT EDIT THIS FILE DIRECTLY.
# yarn lockfile v1


csv-string@^3.1.5:
  version "3.1.5"
  resolved "https://registry.yarnpkg.com/csv-string/-/csv-string-3.1.5.tgz#73dd789dbddc8be11bb5b2c4a164243d6587d4a8"
  integrity sha512-vkKwis9X1l31JwPsnqaoNo3PZx7k+07dlDDJ0jXgq7tCH3lIxiIaD9sAt9ETBjKFUR+nNi7PnTTpZuFy6kJe4w==

minimist@^1.2.0:
  version "1.2.0"
  resolved "https://registry.yarnpkg.com/minimist/-/minimist-1.2.0.tgz#a35008b20f41383eec1fb914f4cd5df79a264284"
  integrity sha1-o1AIsg9BOD7sH7kU9M1d95omQoQ=

node-fetch@^2.3.0:
  version "2.3.0"
  resolved "https://registry.yarnpkg.com/node-fetch/-/node-fetch-2.3.0.tgz#1a1d940bbfb916a1d3e0219f037e89e71f8c5fa5"
  integrity sha512-MOd8pV3fxENbryESLgVIeaGKrdl+uaYhCSSVkjeOb/31/njTpcis5aWfdqgNlHIrKOLRbMnfPINPOML2CIFeXA==
